
Microsoft Visual Studio Solution File, Format Version 12.00
# Visual Studio Version 17
VisualStudioVersion = 17.9.34616.47
MinimumVisualStudioVersion = 10.0.40219.1
Project("{FAE04EC0-301F-11D3-BF4B-00C04F79EFBC}") = "Blackjackgithubtutorial", "Blackjackgithubtutorial\Blackjackgithubtutorial.csproj", "{269E8F2E-4A6E-4A9D-8EB4-640EF9FA0C52}"
EndProject
Global
	GlobalSection(SolutionConfigurationPlatforms) = preSolution
		Debug|Any CPU = Debug|Any CPU
		Release|Any CPU = Release|Any CPU
	EndGlobalSection
	GlobalSection(ProjectConfigurationPlatforms) = postSolution
		{269E8F2E-4A6E-4A9D-8EB4-640EF9FA0C52}.Debug|Any CPU.ActiveCfg = Debug|Any CPU
		{269E8F2E-4A6E-4A9D-8EB4-640EF9FA0C52}.Debug|Any CPU.Build.0 = Debug|Any CPU
		{269E8F2E-4A6E-4A9D-8EB4-640EF9FA0C52}.Release|Any CPU.ActiveCfg = Release|Any CPU
		{269E8F2E-4A6E-4A9D-8EB4-640EF9FA0C52}.Release|Any CPU.Build.0 = Release|Any CPU
	EndGlobalSection
	GlobalSection(SolutionProperties) = preSolution
		HideSolutionNode = FALSE
	EndGlobalSection
	GlobalSection(ExtensibilityGlobals) = postSolution
		SolutionGuid = {C9E9EEDD-E605-4BD5-AB59-0B50D9A65969}
	EndGlobalSection
EndGlobal
